
Microsoft Visual Studio Solution File, Format Version 12.00
# Visual Studio Version 17
VisualStudioVersion = 17.2.32630.192
MinimumVisualStudioVersion = 10.0.40219.1
Project("{2150E333-8FDC-42A3-9474-1A3956D46DE8}") = "Services", "Services", "{D5883D27-17C3-4899-875F-2491AE1F3DCC}"
EndProject
Project("{9A19103F-16F7-4668-BE54-9A1E7A4F7556}") = "Products.API", "Services\Products.API\Products.API.csproj", "{A2390E8E-5A39-4A48-8EB6-AB1A93C772AA}"
EndProject
Project("{E53339B2-1760-4266-BCC7-CA923CBCF16C}") = "docker-compose", "docker-compose.dcproj", "{7566C1E0-66DC-419F-B244-DD23A2318833}"
EndProject
Project("{2150E333-8FDC-42A3-9474-1A3956D46DE8}") = "ApiGateways", "ApiGateways", "{82474A15-E464-46A4-ADE7-4FC1780B9CF3}"
EndProject
Project("{2150E333-8FDC-42A3-9474-1A3956D46DE8}") = "MessageBroker", "MessageBroker", "{7B1559DB-D910-4A56-B2A4-140ED2DD7691}"
EndProject
Project("{9A19103F-16F7-4668-BE54-9A1E7A4F7556}") = "Messages", "MessageBroker\Messages\Messages.csproj", "{4E4C4124-B211-419D-BA6C-C888E91647EB}"
EndProject
Project("{9A19103F-16F7-4668-BE54-9A1E7A4F7556}") = "DeliVeggie.Gateway", "ApiGateways\DeliVeggie.Gateway\DeliVeggie.Gateway.csproj", "{5F4343B5-C9EE-4FD7-BABC-7AA6357B1520}"
EndProject
Project("{2150E333-8FDC-42A3-9474-1A3956D46DE8}") = "FrontEnd", "FrontEnd", "{02756B34-F198-4625-851A-A46648F0414C}"
EndProject
Project("{54A90642-561A-4BB1-A94E-469ADEE60C69}") = "DeliVeggie.Web", "FrontEnd\DeliVeggie.Web\DeliVeggie.Web.esproj", "{2A017462-D50B-4B01-A3A3-1B8C2A282D58}"
EndProject
Project("{2150E333-8FDC-42A3-9474-1A3956D46DE8}") = "Tests", "Tests", "{F104D83C-1A16-4AA8-9C9E-7DAEEA570FC9}"
EndProject
Project("{FAE04EC0-301F-11D3-BF4B-00C04F79EFBC}") = "Product.API.Tests", "Tests\Product.API.Tests\Product.API.Tests.csproj", "{A8817D43-58AC-464B-90B2-B2188EC8A340}"
EndProject
Global
	GlobalSection(SolutionConfigurationPlatforms) = preSolution
		Debug|Any CPU = Debug|Any CPU
		Release|Any CPU = Release|Any CPU
	EndGlobalSection
	GlobalSection(ProjectConfigurationPlatforms) = postSolution
		{A2390E8E-5A39-4A48-8EB6-AB1A93C772AA}.Debug|Any CPU.ActiveCfg = Debug|Any CPU
		{A2390E8E-5A39-4A48-8EB6-AB1A93C772AA}.Debug|Any CPU.Build.0 = Debug|Any CPU
		{A2390E8E-5A39-4A48-8EB6-AB1A93C772AA}.Release|Any CPU.ActiveCfg = Release|Any CPU
		{A2390E8E-5A39-4A48-8EB6-AB1A93C772AA}.Release|Any CPU.Build.0 = Release|Any CPU
		{7566C1E0-66DC-419F-B244-DD23A2318833}.Debug|Any CPU.ActiveCfg = Debug|Any CPU
		{7566C1E0-66DC-419F-B244-DD23A2318833}.Debug|Any CPU.Build.0 = Debug|Any CPU
		{7566C1E0-66DC-419F-B244-DD23A2318833}.Release|Any CPU.ActiveCfg = Release|Any CPU
		{7566C1E0-66DC-419F-B244-DD23A2318833}.Release|Any CPU.Build.0 = Release|Any CPU
		{4E4C4124-B211-419D-BA6C-C888E91647EB}.Debug|Any CPU.ActiveCfg = Debug|Any CPU
		{4E4C4124-B211-419D-BA6C-C888E91647EB}.Debug|Any CPU.Build.0 = Debug|Any CPU
		{4E4C4124-B211-419D-BA6C-C888E91647EB}.Release|Any CPU.ActiveCfg = Release|Any CPU
		{4E4C4124-B211-419D-BA6C-C888E91647EB}.Release|Any CPU.Build.0 = Release|Any CPU
		{5F4343B5-C9EE-4FD7-BABC-7AA6357B1520}.Debug|Any CPU.ActiveCfg = Debug|Any CPU
		{5F4343B5-C9EE-4FD7-BABC-7AA6357B1520}.Debug|Any CPU.Build.0 = Debug|Any CPU
		{5F4343B5-C9EE-4FD7-BABC-7AA6357B1520}.Release|Any CPU.ActiveCfg = Release|Any CPU
		{5F4343B5-C9EE-4FD7-BABC-7AA6357B1520}.Release|Any CPU.Build.0 = Release|Any CPU
		{2A017462-D50B-4B01-A3A3-1B8C2A282D58}.Debug|Any CPU.ActiveCfg = Debug|Any CPU
		{2A017462-D50B-4B01-A3A3-1B8C2A282D58}.Debug|Any CPU.Build.0 = Debug|Any CPU
		{2A017462-D50B-4B01-A3A3-1B8C2A282D58}.Debug|Any CPU.Deploy.0 = Debug|Any CPU
		{2A017462-D50B-4B01-A3A3-1B8C2A282D58}.Release|Any CPU.ActiveCfg = Release|Any CPU
		{2A017462-D50B-4B01-A3A3-1B8C2A282D58}.Release|Any CPU.Build.0 = Release|Any CPU
		{2A017462-D50B-4B01-A3A3-1B8C2A282D58}.Release|Any CPU.Deploy.0 = Release|Any CPU
		{A8817D43-58AC-464B-90B2-B2188EC8A340}.Debug|Any CPU.ActiveCfg = Debug|Any CPU
		{A8817D43-58AC-464B-90B2-B2188EC8A340}.Debug|Any CPU.Build.0 = Debug|Any CPU
		{A8817D43-58AC-464B-90B2-B2188EC8A340}.Release|Any CPU.ActiveCfg = Release|Any CPU
		{A8817D43-58AC-464B-90B2-B2188EC8A340}.Release|Any CPU.Build.0 = Release|Any CPU
	EndGlobalSection
	GlobalSection(SolutionProperties) = preSolution
		HideSolutionNode = FALSE
	EndGlobalSection
	GlobalSection(NestedProjects) = preSolution
		{A2390E8E-5A39-4A48-8EB6-AB1A93C772AA} = {D5883D27-17C3-4899-875F-2491AE1F3DCC}
		{4E4C4124-B211-419D-BA6C-C888E91647EB} = {7B1559DB-D910-4A56-B2A4-140ED2DD7691}
		{5F4343B5-C9EE-4FD7-BABC-7AA6357B1520} = {82474A15-E464-46A4-ADE7-4FC1780B9CF3}
		{2A017462-D50B-4B01-A3A3-1B8C2A282D58} = {02756B34-F198-4625-851A-A46648F0414C}
		{A8817D43-58AC-464B-90B2-B2188EC8A340} = {F104D83C-1A16-4AA8-9C9E-7DAEEA570FC9}
	EndGlobalSection
	GlobalSection(ExtensibilityGlobals) = postSolution
		SolutionGuid = {392F6636-11E9-41F8-905F-0E75CC0883F7}
	EndGlobalSection
EndGlobal
